lockfileVersion: '9.0'

settings:
  autoInstallPeers: true
  excludeLinksFromLockfile: false

importers:

  .:
    dependencies:
      ollama:
        specifier: ^0.5.9
        version: 0.5.9

packages:

  ollama@0.5.9:
    resolution: {integrity: sha512-F/KZuDRC+ZsVCuMvcOYuQ6zj42/idzCkkuknGyyGVmNStMZ/sU3jQpvhnl4SyC0+zBzLiKNZJnJeuPFuieWZvQ==}

  whatwg-fetch@3.6.20:
    resolution: {integrity: sha512-EqhiFU6daOA8kpjOWTL0olhVOF3i7OrFzSYiGsEMB8GcXS+RrzauAERX65xMeNWVqxA6HXH2m69Z9LaKKdisfg==}

snapshots:

  ollama@0.5.9:
    dependencies:
      whatwg-fetch: 3.6.20

  whatwg-fetch@3.6.20: {}
